// !$*UTF8*$!
{
	archiveVersion = 1;
	classes = {
	};
	objectVersion = 51;
	objects = {

/* Begin PBXBuildFile section */
		7689C6A32384F9D50099811A /* DatabaseViewController.swift in Sources */ = {isa = PBXBuildFile; fileRef = 7689C6A22384F9D50099811A /* DatabaseViewController.swift */; };
		768E18552382177A005E1E8C /* AppDelegate.swift in Sources */ = {isa = PBXBuildFile; fileRef = 768E18542382177A005E1E8C /* AppDelegate.swift */; };
		768E18572382177A005E1E8C /* SceneDelegate.swift in Sources */ = {isa = PBXBuildFile; fileRef = 768E18562382177A005E1E8C /* SceneDelegate.swift */; };
		768E18592382177A005E1E8C /* MainViewController.swift in Sources */ = {isa = PBXBuildFile; fileRef = 768E18582382177A005E1E8C /* MainViewController.swift */; };
		768E185C2382177A005E1E8C /* Main.storyboard in Resources */ = {isa = PBXBuildFile; fileRef = 768E185A2382177A005E1E8C /* Main.storyboard */; };
		768E185E2382177B005E1E8C /* Assets.xcassets in Resources */ = {isa = PBXBuildFile; fileRef = 768E185D2382177B005E1E8C /* Assets.xcassets */; };
		768E18612382177B005E1E8C /* LaunchScreen.storyboard in Resources */ = {isa = PBXBuildFile; fileRef = 768E185F2382177B005E1E8C /* LaunchScreen.storyboard */; };
		768E186F23822E75005E1E8C /* WebViewController.swift in Sources */ = {isa = PBXBuildFile; fileRef = 768E186E23822E75005E1E8C /* WebViewController.swift */; };
		7694A96023AB492900351EE3 /* MGViewController.swift in Sources */ = {isa = PBXBuildFile; fileRef = 7694A95F23AB492900351EE3 /* MGViewController.swift */; };
		7694A96223AB495600351EE3 /* Response.swift in Sources */ = {isa = PBXBuildFile; fileRef = 7694A96123AB495600351EE3 /* Response.swift */; };
		7694A96523AB4A0100351EE3 /* DataAccess.swift in Sources */ = {isa = PBXBuildFile; fileRef = 7694A96323AB4A0100351EE3 /* DataAccess.swift */; };
		7694A96623AB4A0100351EE3 /* Extension.swift in Sources */ = {isa = PBXBuildFile; fileRef = 7694A96423AB4A0100351EE3 /* Extension.swift */; };
		7694A96823AB4A1200351EE3 /* DeviceInfo.swift in Sources */ = {isa = PBXBuildFile; fileRef = 7694A96723AB4A1200351EE3 /* DeviceInfo.swift */; };
		7694A96A23AB607700351EE3 /* MGViewModel.swift in Sources */ = {isa = PBXBuildFile; fileRef = 7694A96923AB607700351EE3 /* MGViewModel.swift */; };
		7694A96C23AB60AD00351EE3 /* Request.swift in Sources */ = {isa = PBXBuildFile; fileRef = 7694A96B23AB60AD00351EE3 /* Request.swift */; };
		76AD9AA3238BB45F00BA7244 /* DbVersionData.swift in Sources */ = {isa = PBXBuildFile; fileRef = 76AD9AA2238BB45F00BA7244 /* DbVersionData.swift */; };
		76D005D923850B0600E80302 /* GoogleService-Info.plist in Resources */ = {isa = PBXBuildFile; fileRef = 76D005D823850B0600E80302 /* GoogleService-Info.plist */; };
		D23BE7AB6571762E99F5C515 /* Pods_SampleApp.framework in Frameworks */ = {isa = PBXBuildFile; fileRef = 7DFB362FEAA946EE739BB3E7 /* Pods_SampleApp.framework */; };
/* End PBXBuildFile section */

/* Begin PBXFileReference section */
		2C8D50AC58F47BC17DE5D2DF /* Pods-SampleApp.debug.xcconfig */ = {isa = PBXFileReference; includeInIndex = 1; lastKnownFileType = text.xcconfig; name = "Pods-SampleApp.debug.xcconfig"; path = "Target Support Files/Pods-SampleApp/Pods-SampleApp.debug.xcconfig"; sourceTree = "<group>"; };
		7689C6A22384F9D50099811A /* DatabaseViewController.swift */ = {isa = PBXFileReference; lastKnownFileType = sourcecode.swift; path = DatabaseViewController.swift; sourceTree = "<group>"; };
		768E18512382177A005E1E8C /* SampleApp.app */ = {isa = PBXFileReference; explicitFileType = wrapper.application; includeInIndex = 0; path = SampleApp.app; sourceTree = BUILT_PRODUCTS_DIR; };
		768E18542382177A005E1E8C /* AppDelegate.swift */ = {isa = PBXFileReference; lastKnownFileType = sourcecode.swift; path = AppDelegate.swift; sourceTree = "<group>"; };
		768E18562382177A005E1E8C /* SceneDelegate.swift */ = {isa = PBXFileReference; lastKnownFileType = sourcecode.swift; path = SceneDelegate.swift; sourceTree = "<group>"; };
		768E18582382177A005E1E8C /* MainViewController.swift */ = {isa = PBXFileReference; lastKnownFileType = sourcecode.swift; path = MainViewController.swift; sourceTree = "<group>"; };
		768E185B2382177A005E1E8C /* Base */ = {isa = PBXFileReference; lastKnownFileType = file.storyboard; name = Base; path = Base.lproj/Main.storyboard; sourceTree = "<group>"; };
		768E185D2382177B005E1E8C /* Assets.xcassets */ = {isa = PBXFileReference; lastKnownFileType = folder.assetcatalog; path = Assets.xcassets; sourceTree = "<group>"; };
		768E18602382177B005E1E8C /* Base */ = {isa = PBXFileReference; lastKnownFileType = file.storyboard; name = Base; path = Base.lproj/LaunchScreen.storyboard; sourceTree = "<group>"; };
		768E18622382177B005E1E8C /* Info.plist */ = {isa = PBXFileReference; lastKnownFileType = text.plist.xml; path = Info.plist; sourceTree = "<group>"; };
		768E186E23822E75005E1E8C /* WebViewController.swift */ = {isa = PBXFileReference; lastKnownFileType = sourcecode.swift; name = WebViewController.swift; path = ../WebViewController.swift; sourceTree = "<group>"; };
		7694A95F23AB492900351EE3 /* MGViewController.swift */ = {isa = PBXFileReference; lastKnownFileType = sourcecode.swift; path = MGViewController.swift; sourceTree = "<group>"; };
		7694A96123AB495600351EE3 /* Response.swift */ = {isa = PBXFileReference; lastKnownFileType = sourcecode.swift; path = Response.swift; sourceTree = "<group>"; };
		7694A96323AB4A0100351EE3 /* DataAccess.swift */ = {isa = PBXFileReference; fileEncoding = 4; lastKnownFileType = sourcecode.swift; path = DataAccess.swift; sourceTree = "<group>"; };
		7694A96423AB4A0100351EE3 /* Extension.swift */ = {isa = PBXFileReference; fileEncoding = 4; lastKnownFileType = sourcecode.swift; path = Extension.swift; sourceTree = "<group>"; };
		7694A96723AB4A1200351EE3 /* DeviceInfo.swift */ = {isa = PBXFileReference; fileEncoding = 4; lastKnownFileType = sourcecode.swift; path = DeviceInfo.swift; sourceTree = "<group>"; };
		7694A96923AB607700351EE3 /* MGViewModel.swift */ = {isa = PBXFileReference; lastKnownFileType = sourcecode.swift; path = MGViewModel.swift; sourceTree = "<group>"; };
		7694A96B23AB60AD00351EE3 /* Request.swift */ = {isa = PBXFileReference; lastKnownFileType = sourcecode.swift; path = Request.swift; sourceTree = "<group>"; };
		76AD9AA1238BB2C000BA7244 /* db_data.json */ = {isa = PBXFileReference; lastKnownFileType = text.json; path = db_data.json; sourceTree = "<group>"; };
		76AD9AA2238BB45F00BA7244 /* DbVersionData.swift */ = {isa = PBXFileReference; lastKnownFileType = sourcecode.swift; path = DbVersionData.swift; sourceTree = "<group>"; };
		76D005D823850B0600E80302 /* GoogleService-Info.plist */ = {isa = PBXFileReference; fileEncoding = 4; lastKnownFileType = text.plist.xml; path = "GoogleService-Info.plist"; sourceTree = "<group>"; };
		7DFB362FEAA946EE739BB3E7 /* Pods_SampleApp.framework */ = {isa = PBXFileReference; explicitFileType = wrapper.framework; includeInIndex = 0; path = Pods_SampleApp.framework; sourceTree = BUILT_PRODUCTS_DIR; };
		ED86ABE7A0EA39217065ED25 /* Pods-SampleApp.release.xcconfig */ = {isa = PBXFileReference; includeInIndex = 1; lastKnownFileType = text.xcconfig; name = "Pods-SampleApp.release.xcconfig"; path = "Target Support Files/Pods-SampleApp/Pods-SampleApp.release.xcconfig"; sourceTree = "<group>"; };
/* End PBXFileReference section */

/* Begin PBXFrameworksBuildPhase section */
		768E184E2382177A005E1E8C /* Frameworks */ = {
			isa = PBXFrameworksBuildPhase;
			buildActionMask = 2147483647;
			files = (
				D23BE7AB6571762E99F5C515 /* Pods_SampleApp.framework in Frameworks */,
			);
			runOnlyForDeploymentPostprocessing = 0;
		};
/* End PBXFrameworksBuildPhase section */

/* Begin PBXGroup section */
		5BB94D0CDB7152CE6F2FDA42 /* Frameworks */ = {
			isa = PBXGroup;
			children = (
				7DFB362FEAA946EE739BB3E7 /* Pods_SampleApp.framework */,
			);
			name = Frameworks;
			sourceTree = "<group>";
		};
		768E18482382177A005E1E8C = {
			isa = PBXGroup;
			children = (
				768E18532382177A005E1E8C /* SampleApp */,
				768E18522382177A005E1E8C /* Products */,
				DB2F5779FCE5A916D5A7122D /* Pods */,
				5BB94D0CDB7152CE6F2FDA42 /* Frameworks */,
			);
			sourceTree = "<group>";
		};
		768E18522382177A005E1E8C /* Products */ = {
			isa = PBXGroup;
			children = (
				768E18512382177A005E1E8C /* SampleApp.app */,
			);
			name = Products;
			sourceTree = "<group>";
		};
		768E18532382177A005E1E8C /* SampleApp */ = {
			isa = PBXGroup;
			children = (
				7694A95E23AB48D100351EE3 /* MG */,
				768E18542382177A005E1E8C /* AppDelegate.swift */,
				768E18562382177A005E1E8C /* SceneDelegate.swift */,
				768E185A2382177A005E1E8C /* Main.storyboard */,
				76AD9AA1238BB2C000BA7244 /* db_data.json */,
				768E18582382177A005E1E8C /* MainViewController.swift */,
				768E186E23822E75005E1E8C /* WebViewController.swift */,
				7689C6A22384F9D50099811A /* DatabaseViewController.swift */,
				76AD9AA2238BB45F00BA7244 /* DbVersionData.swift */,
				768E185D2382177B005E1E8C /* Assets.xcassets */,
				768E185F2382177B005E1E8C /* LaunchScreen.storyboard */,
				768E18622382177B005E1E8C /* Info.plist */,
				76D005D823850B0600E80302 /* GoogleService-Info.plist */,
				7694A96B23AB60AD00351EE3 /* Request.swift */,
				7694A96123AB495600351EE3 /* Response.swift */,
				7694A96723AB4A1200351EE3 /* DeviceInfo.swift */,
				7694A96323AB4A0100351EE3 /* DataAccess.swift */,
				7694A96423AB4A0100351EE3 /* Extension.swift */,
			);
			path = SampleApp;
			sourceTree = "<group>";
		};
		7694A95E23AB48D100351EE3 /* MG */ = {
			isa = PBXGroup;
			children = (
				7694A95F23AB492900351EE3 /* MGViewController.swift */,
				7694A96923AB607700351EE3 /* MGViewModel.swift */,
			);
			path = MG;
			sourceTree = "<group>";
		};
		DB2F5779FCE5A916D5A7122D /* Pods */ = {
			isa = PBXGroup;
			children = (
				2C8D50AC58F47BC17DE5D2DF /* Pods-SampleApp.debug.xcconfig */,
				ED86ABE7A0EA39217065ED25 /* Pods-SampleApp.release.xcconfig */,
			);
			path = Pods;
			sourceTree = "<group>";
		};
/* End PBXGroup section */

/* Begin PBXNativeTarget section */
		768E18502382177A005E1E8C /* SampleApp */ = {
			isa = PBXNativeTarget;
			buildConfigurationList = 768E18652382177B005E1E8C /* Build configuration list for PBXNativeTarget "SampleApp" */;
			buildPhases = (
				D60CEFCCCB7CC07DC80197B9 /* [CP] Check Pods Manifest.lock */,
				768E184D2382177A005E1E8C /* Sources */,
				768E184E2382177A005E1E8C /* Frameworks */,
				768E184F2382177A005E1E8C /* Resources */,
				61BC75D5A8470FFB07C02830 /* [CP] Embed Pods Frameworks */,
			);
			buildRules = (
			);
			dependencies = (
			);
			name = SampleApp;
			productName = SampleApp;
			productReference = 768E18512382177A005E1E8C /* SampleApp.app */;
			productType = "com.apple.product-type.application";
		};
/* End PBXNativeTarget section */

/* Begin PBXProject section */
		768E18492382177A005E1E8C /* Project object */ = {
			isa = PBXProject;
			attributes = {
				LastSwiftUpdateCheck = 1120;
				LastUpgradeCheck = 1120;
				ORGANIZATIONNAME = Moon;
				TargetAttributes = {
					768E18502382177A005E1E8C = {
						CreatedOnToolsVersion = 11.2.1;
					};
				};
			};
			buildConfigurationList = 768E184C2382177A005E1E8C /* Build configuration list for PBXProject "SampleApp" */;
			compatibilityVersion = "Xcode 9.3";
			developmentRegion = en;
			hasScannedForEncodings = 0;
			knownRegions = (
				en,
				Base,
			);
			mainGroup = 768E18482382177A005E1E8C;
			productRefGroup = 768E18522382177A005E1E8C /* Products */;
			projectDirPath = "";
			projectRoot = "";
			targets = (
				768E18502382177A005E1E8C /* SampleApp */,
			);
		};
/* End PBXProject section */

/* Begin PBXResourcesBuildPhase section */
		768E184F2382177A005E1E8C /* Resources */ = {
			isa = PBXResourcesBuildPhase;
			buildActionMask = 2147483647;
			files = (
				768E18612382177B005E1E8C /* LaunchScreen.storyboard in Resources */,
				76D005D923850B0600E80302 /* GoogleService-Info.plist in Resources */,
				768E185E2382177B005E1E8C /* Assets.xcassets in Resources */,
				768E185C2382177A005E1E8C /* Main.storyboard in Resources */,
			);
			runOnlyForDeploymentPostprocessing = 0;
		};
/* End PBXResourcesBuildPhase section */

/* Begin PBXShellScriptBuildPhase section */
		61BC75D5A8470FFB07C02830 /* [CP] Embed Pods Frameworks */ = {
			isa = PBXShellScriptBuildPhase;
			buildActionMask = 2147483647;
			files = (
			);
			inputFileListPaths = (
				"${PODS_ROOT}/Target Support Files/Pods-SampleApp/Pods-SampleApp-frameworks-${CONFIGURATION}-input-files.xcfilelist",
			);
			name = "[CP] Embed Pods Frameworks";
			outputFileListPaths = (
				"${PODS_ROOT}/Target Support Files/Pods-SampleApp/Pods-SampleApp-frameworks-${CONFIGURATION}-output-files.xcfilelist",
			);
			runOnlyForDeploymentPostprocessing = 0;
			shellPath = /bin/sh;
			shellScript = "\"${PODS_ROOT}/Target Support Files/Pods-SampleApp/Pods-SampleApp-frameworks.sh\"\n";
			showEnvVarsInLog = 0;
		};
		D60CEFCCCB7CC07DC80197B9 /* [CP] Check Pods Manifest.lock */ = {
			isa = PBXShellScriptBuildPhase;
			buildActionMask = 2147483647;
			files = (
			);
			inputFileListPaths = (
			);
			inputPaths = (
				"${PODS_PODFILE_DIR_PATH}/Podfile.lock",
				"${PODS_ROOT}/Manifest.lock",
			);
			name = "[CP] Check Pods Manifest.lock";
			outputFileListPaths = (
			);
			outputPaths = (
				"$(DERIVED_FILE_DIR)/Pods-SampleApp-checkManifestLockResult.txt",
			);
			runOnlyForDeploymentPostprocessing = 0;
			shellPath = /bin/sh;
			shellScript = "diff \"${PODS_PODFILE_DIR_PATH}/Podfile.lock\" \"${PODS_ROOT}/Manifest.lock\" > /dev/null\nif [ $? != 0 ] ; then\n    # print error to STDERR\n    echo \"error: The sandbox is not in sync with the Podfile.lock. Run 'pod install' or update your CocoaPods installation.\" >&2\n    exit 1\nfi\n# This output is used by Xcode 'outputs' to avoid re-running this script phase.\necho \"SUCCESS\" > \"${SCRIPT_OUTPUT_FILE_0}\"\n";
			showEnvVarsInLog = 0;
		};
/* End PBXShellScriptBuildPhase section */

/* Begin PBXSourcesBuildPhase section */
		768E184D2382177A005E1E8C /* Sources */ = {
			isa = PBXSourcesBuildPhase;
			buildActionMask = 2147483647;
			files = (
				7694A96223AB495600351EE3 /* Response.swift in Sources */,
				7694A96C23AB60AD00351EE3 /* Request.swift in Sources */,
				7689C6A32384F9D50099811A /* DatabaseViewController.swift in Sources */,
				7694A96023AB492900351EE3 /* MGViewController.swift in Sources */,
				768E18592382177A005E1E8C /* MainViewController.swift in Sources */,
				7694A96A23AB607700351EE3 /* MGViewModel.swift in Sources */,
				7694A96823AB4A1200351EE3 /* DeviceInfo.swift in Sources */,
				768E18552382177A005E1E8C /* AppDelegate.swift in Sources */,
				7694A96623AB4A0100351EE3 /* Extension.swift in Sources */,
				768E18572382177A005E1E8C /* SceneDelegate.swift in Sources */,
				76AD9AA3238BB45F00BA7244 /* DbVersionData.swift in Sources */,
				7694A96523AB4A0100351EE3 /* DataAccess.swift in Sources */,
				768E186F23822E75005E1E8C /* WebViewController.swift in Sources */,
			);
			runOnlyForDeploymentPostprocessing = 0;
		};
/* End PBXSourcesBuildPhase section */

/* Begin PBXVariantGroup section */
		768E185A2382177A005E1E8C /* Main.storyboard */ = {
			isa = PBXVariantGroup;
			children = (
				768E185B2382177A005E1E8C /* Base */,
			);
			name = Main.storyboard;
			sourceTree = "<group>";
		};
		768E185F2382177B005E1E8C /* LaunchScreen.storyboard */ = {
			isa = PBXVariantGroup;
			children = (
				768E18602382177B005E1E8C /* Base */,
			);
			name = LaunchScreen.storyboard;
			sourceTree = "<group>";
		};
/* End PBXVariantGroup section */

/* Begin XCBuildConfiguration section */
		768E18632382177B005E1E8C /* Debug */ = {
			isa = XCBuildConfiguration;
			buildSettings = {
				ALWAYS_SEARCH_USER_PATHS = NO;
				CLANG_ANALYZER_NONNULL = YES;
				CLANG_ANALYZER_NUMBER_OBJECT_CONVERSION = YES_AGGRESSIVE;
				CLANG_CXX_LANGUAGE_STANDARD = "gnu++14";
				CLANG_CXX_LIBRARY = "libc++";
				CLANG_ENABLE_MODULES = YES;
				CLANG_ENABLE_OBJC_ARC = YES;
				CLANG_ENABLE_OBJC_WEAK = YES;
				CLANG_WARN_BLOCK_CAPTURE_AUTORELEASING = YES;
				CLANG_WARN_BOOL_CONVERSION = YES;
				CLANG_WARN_COMMA = YES;
				CLANG_WARN_CONSTANT_CONVERSION = YES;
				CLANG_WARN_DEPRECATED_OBJC_IMPLEMENTATIONS = YES;
				CLANG_WARN_DIRECT_OBJC_ISA_USAGE = YES_ERROR;
				CLANG_WARN_DOCUMENTATION_COMMENTS = YES;
				CLANG_WARN_EMPTY_BODY = YES;
				CLANG_WARN_ENUM_CONVERSION = YES;
				CLANG_WARN_INFINITE_RECURSION = YES;
				CLANG_WARN_INT_CONVERSION = YES;
				CLANG_WARN_NON_LITERAL_NULL_CONVERSION = YES;
				CLANG_WARN_OBJC_IMPLICIT_RETAIN_SELF = YES;
				CLANG_WARN_OBJC_LITERAL_CONVERSION = YES;
				CLANG_WARN_OBJC_ROOT_CLASS = YES_ERROR;
				CLANG_WARN_RANGE_LOOP_ANALYSIS = YES;
				CLANG_WARN_STRICT_PROTOTYPES = YES;
				CLANG_WARN_SUSPICIOUS_MOVE = YES;
				CLANG_WARN_UNGUARDED_AVAILABILITY = YES_AGGRESSIVE;
				CLANG_WARN_UNREACHABLE_CODE = YES;
				CLANG_WARN__DUPLICATE_METHOD_MATCH = YES;
				COPY_PHASE_STRIP = NO;
				DEBUG_INFORMATION_FORMAT = dwarf;
				ENABLE_STRICT_OBJC_MSGSEND = YES;
				ENABLE_TESTABILITY = YES;
				GCC_C_LANGUAGE_STANDARD = gnu11;
				GCC_DYNAMIC_NO_PIC = NO;
				GCC_NO_COMMON_BLOCKS = YES;
				GCC_OPTIMIZATION_LEVEL = 0;
				GCC_PREPROCESSOR_DEFINITIONS = (
					"DEBUG=1",
					"$(inherited)",
				);
				GCC_WARN_64_TO_32_BIT_CONVERSION = YES;
				GCC_WARN_ABOUT_RETURN_TYPE = YES_ERROR;
				GCC_WARN_UNDECLARED_SELECTOR = YES;
				GCC_WARN_UNINITIALIZED_AUTOS = YES_AGGRESSIVE;
				GCC_WARN_UNUSED_FUNCTION = YES;
				GCC_WARN_UNUSED_VARIABLE = YES;
				IPHONEOS_DEPLOYMENT_TARGET = 13.2;
				MTL_ENABLE_DEBUG_INFO = INCLUDE_SOURCE;
				MTL_FAST_MATH = YES;
				ONLY_ACTIVE_ARCH = YES;
				SDKROOT = iphoneos;
				SWIFT_ACTIVE_COMPILATION_CONDITIONS = DEBUG;
				SWIFT_OPTIMIZATION_LEVEL = "-Onone";
			};
			name = Debug;
		};
		768E18642382177B005E1E8C /* Release */ = {
			isa = XCBuildConfiguration;
			buildSettings = {
				ALWAYS_SEARCH_USER_PATHS = NO;
				CLANG_ANALYZER_NONNULL = YES;
				CLANG_ANALYZER_NUMBER_OBJECT_CONVERSION = YES_AGGRESSIVE;
				CLANG_CXX_LANGUAGE_STANDARD = "gnu++14";
				CLANG_CXX_LIBRARY = "libc++";
				CLANG_ENABLE_MODULES = YES;
				CLANG_ENABLE_OBJC_ARC = YES;
				CLANG_ENABLE_OBJC_WEAK = YES;
				CLANG_WARN_BLOCK_CAPTURE_AUTORELEASING = YES;
				CLANG_WARN_BOOL_CONVERSION = YES;
				CLANG_WARN_COMMA = YES;
				CLANG_WARN_CONSTANT_CONVERSION = YES;
				CLANG_WARN_DEPRECATED_OBJC_IMPLEMENTATIONS = YES;
				CLANG_WARN_DIRECT_OBJC_ISA_USAGE = YES_ERROR;
				CLANG_WARN_DOCUMENTATION_COMMENTS = YES;
				CLANG_WARN_EMPTY_BODY = YES;
				CLANG_WARN_ENUM_CONVERSION = YES;
				CLANG_WARN_INFINITE_RECURSION = YES;
				CLANG_WARN_INT_CONVERSION = YES;
				CLANG_WARN_NON_LITERAL_NULL_CONVERSION = YES;
				CLANG_WARN_OBJC_IMPLICIT_RETAIN_SELF = YES;
				CLANG_WARN_OBJC_LITERAL_CONVERSION = YES;
				CLANG_WARN_OBJC_ROOT_CLASS = YES_ERROR;
				CLANG_WARN_RANGE_LOOP_ANALYSIS = YES;
				CLANG_WARN_STRICT_PROTOTYPES = YES;
				CLANG_WARN_SUSPICIOUS_MOVE = YES;
				CLANG_WARN_UNGUARDED_AVAILABILITY = YES_AGGRESSIVE;
				CLANG_WARN_UNREACHABLE_CODE = YES;
				CLANG_WARN__DUPLICATE_METHOD_MATCH = YES;
				COPY_PHASE_STRIP = NO;
				DEBUG_INFORMATION_FORMAT = "dwarf-with-dsym";
				ENABLE_NS_ASSERTIONS = NO;
				ENABLE_STRICT_OBJC_MSGSEND = YES;
				GCC_C_LANGUAGE_STANDARD = gnu11;
				GCC_NO_COMMON_BLOCKS = YES;
				GCC_WARN_64_TO_32_BIT_CONVERSION = YES;
				GCC_WARN_ABOUT_RETURN_TYPE = YES_ERROR;
				GCC_WARN_UNDECLARED_SELECTOR = YES;
				GCC_WARN_UNINITIALIZED_AUTOS = YES_AGGRESSIVE;
				GCC_WARN_UNUSED_FUNCTION = YES;
				GCC_WARN_UNUSED_VARIABLE = YES;
				IPHONEOS_DEPLOYMENT_TARGET = 13.2;
				MTL_ENABLE_DEBUG_INFO = NO;
				MTL_FAST_MATH = YES;
				SDKROOT = iphoneos;
				SWIFT_COMPILATION_MODE = wholemodule;
				SWIFT_OPTIMIZATION_LEVEL = "-O";
				VALIDATE_PRODUCT = YES;
			};
			name = Release;
		};
		768E18662382177B005E1E8C /* Debug */ = {
			isa = XCBuildConfiguration;
			baseConfigurationReference = 2C8D50AC58F47BC17DE5D2DF /* Pods-SampleApp.debug.xcconfig */;
			buildSettings = {
				ASSETCATALOG_COMPILER_APPICON_NAME = AppIcon;
				CODE_SIGN_STYLE = Automatic;
				DEVELOPMENT_TEAM = 994BWAVX9G;
				INFOPLIST_FILE = SampleApp/Info.plist;
				LD_RUNPATH_SEARCH_PATHS = (
					"$(inherited)",
					"@executable_path/Frameworks",
				);
				PRODUCT_BUNDLE_IDENTIFIER = com.Moon.SampleApp;
				PRODUCT_NAME = "$(TARGET_NAME)";
				SWIFT_VERSION = 5.0;
				TARGETED_DEVICE_FAMILY = "1,2";
			};
			name = Debug;
		};
		768E18672382177B005E1E8C /* Release */ = {
			isa = XCBuildConfiguration;
			baseConfigurationReference = ED86ABE7A0EA39217065ED25 /* Pods-SampleApp.release.xcconfig */;
			buildSettings = {
				ASSETCATALOG_COMPILER_APPICON_NAME = AppIcon;
				CODE_SIGN_STYLE = Automatic;
				DEVELOPMENT_TEAM = 994BWAVX9G;
				INFOPLIST_FILE = SampleApp/Info.plist;
				LD_RUNPATH_SEARCH_PATHS = (
					"$(inherited)",
					"@executable_path/Frameworks",
				);
				PRODUCT_BUNDLE_IDENTIFIER = com.Moon.SampleApp;
				PRODUCT_NAME = "$(TARGET_NAME)";
				SWIFT_VERSION = 5.0;
				TARGETED_DEVICE_FAMILY = "1,2";
			};
			name = Release;
		};
/* End XCBuildConfiguration section */

/* Begin XCConfigurationList section */
		768E184C2382177A005E1E8C /* Build configuration list for PBXProject "SampleApp" */ = {
			isa = XCConfigurationList;
			buildConfigurations = (
				768E18632382177B005E1E8C /* Debug */,
				768E18642382177B005E1E8C /* Release */,
			);
			defaultConfigurationIsVisible = 0;
			defaultConfigurationName = Release;
		};
		768E18652382177B005E1E8C /* Build configuration list for PBXNativeTarget "SampleApp" */ = {
			isa = XCConfigurationList;
			buildConfigurations = (
				768E18662382177B005E1E8C /* Debug */,
				768E18672382177B005E1E8C /* Release */,
			);
			defaultConfigurationIsVisible = 0;
			defaultConfigurationName = Release;
		};
/* End XCConfigurationList section */
	};
	rootObject = 768E18492382177A005E1E8C /* Project object */;
}
